// !$*UTF8*$!
{
	archiveVersion = 1;
	classes = {
	};
	objectVersion = 46;
	objects = {

/* Begin PBXBuildFile section */
		C9A0F5EA1A62AB7D00FD04E2 /* mobilemakers.jpg in Resources */ = {isa = PBXBuildFile; fileRef = C9A0F5E91A62AB7D00FD04E2 /* mobilemakers.jpg */; };
		C9A0F5ED1A62B05700FD04E2 /* WebViewController.m in Sources */ = {isa = PBXBuildFile; fileRef = C9A0F5EC1A62B05700FD04E2 /* WebViewController.m */; };
		F783FA011A5F16FF00832A23 /* main.m in Sources */ = {isa = PBXBuildFile; fileRef = F783FA001A5F16FF00832A23 /* main.m */; };
		F783FA041A5F16FF00832A23 /* AppDelegate.m in Sources */ = {isa = PBXBuildFile; fileRef = F783FA031A5F16FF00832A23 /* AppDelegate.m */; };
		F783FA071A5F16FF00832A23 /* RootViewController.m in Sources */ = {isa = PBXBuildFile; fileRef = F783FA061A5F16FF00832A23 /* RootViewController.m */; };
		F783FA0A1A5F16FF00832A23 /* Main.storyboard in Resources */ = {isa = PBXBuildFile; fileRef = F783FA081A5F16FF00832A23 /* Main.storyboard */; };
		F783FA0C1A5F16FF00832A23 /* Images.xcassets in Resources */ = {isa = PBXBuildFile; fileRef = F783FA0B1A5F16FF00832A23 /* Images.xcassets */; };
		F783FA0F1A5F16FF00832A23 /* LaunchScreen.xib in Resources */ = {isa = PBXBuildFile; fileRef = F783FA0D1A5F16FF00832A23 /* LaunchScreen.xib */; };
		F783FA1B1A5F16FF00832A23 /* TicTaeToeTests.m in Sources */ = {isa = PBXBuildFile; fileRef = F783FA1A1A5F16FF00832A23 /* TicTaeToeTests.m */; };
/* End PBXBuildFile section */

/* Begin PBXContainerItemProxy section */
		F783FA151A5F16FF00832A23 /* PBXContainerItemProxy */ = {
			isa = PBXContainerItemProxy;
			containerPortal = F783F9F31A5F16FF00832A23 /* Project object */;
			proxyType = 1;
			remoteGlobalIDString = F783F9FA1A5F16FF00832A23;
			remoteInfo = TicTaeToe;
		};
/* End PBXContainerItemProxy section */

/* Begin PBXFileReference section */
		C9A0F5E91A62AB7D00FD04E2 /* mobilemakers.jpg */ = {isa = PBXFileReference; lastKnownFileType = image.jpeg; path = mobilemakers.jpg; sourceTree = "<group>"; };
		C9A0F5EB1A62B05700FD04E2 /* WebViewController.h */ = {isa = PBXFileReference; fileEncoding = 4; lastKnownFileType = sourcecode.c.h; path = WebViewController.h; sourceTree = "<group>"; };
		C9A0F5EC1A62B05700FD04E2 /* WebViewController.m */ = {isa = PBXFileReference; fileEncoding = 4; lastKnownFileType = sourcecode.c.objc; path = WebViewController.m; sourceTree = "<group>"; };
		F783F9FB1A5F16FF00832A23 /* TicTaeToe.app */ = {isa = PBXFileReference; explicitFileType = wrapper.application; includeInIndex = 0; path = TicTaeToe.app; sourceTree = BUILT_PRODUCTS_DIR; };
		F783F9FF1A5F16FF00832A23 /* Info.plist */ = {isa = PBXFileReference; lastKnownFileType = text.plist.xml; path = Info.plist; sourceTree = "<group>"; };
		F783FA001A5F16FF00832A23 /* main.m */ = {isa = PBXFileReference; lastKnownFileType = sourcecode.c.objc; path = main.m; sourceTree = "<group>"; };
		F783FA021A5F16FF00832A23 /* AppDelegate.h */ = {isa = PBXFileReference; lastKnownFileType = sourcecode.c.h; path = AppDelegate.h; sourceTree = "<group>"; };
		F783FA031A5F16FF00832A23 /* AppDelegate.m */ = {isa = PBXFileReference; lastKnownFileType = sourcecode.c.objc; path = AppDelegate.m; sourceTree = "<group>"; };
		F783FA051A5F16FF00832A23 /* RootViewController.h */ = {isa = PBXFileReference; lastKnownFileType = sourcecode.c.h; path = RootViewController.h; sourceTree = "<group>"; };
		F783FA061A5F16FF00832A23 /* RootViewController.m */ = {isa = PBXFileReference; lastKnownFileType = sourcecode.c.objc; path = RootViewController.m; sourceTree = "<group>"; };
		F783FA091A5F16FF00832A23 /* Base */ = {isa = PBXFileReference; lastKnownFileType = file.storyboard; name = Base; path = Base.lproj/Main.storyboard; sourceTree = "<group>"; };
		F783FA0B1A5F16FF00832A23 /* Images.xcassets */ = {isa = PBXFileReference; lastKnownFileType = folder.assetcatalog; path = Images.xcassets; sourceTree = "<group>"; };
		F783FA0E1A5F16FF00832A23 /* Base */ = {isa = PBXFileReference; lastKnownFileType = file.xib; name = Base; path = Base.lproj/LaunchScreen.xib; sourceTree = "<group>"; };
		F783FA141A5F16FF00832A23 /* TicTaeToeTests.xctest */ = {isa = PBXFileReference; explicitFileType = wrapper.cfbundle; includeInIndex = 0; path = TicTaeToeTests.xctest; sourceTree = BUILT_PRODUCTS_DIR; };
		F783FA191A5F16FF00832A23 /* Info.plist */ = {isa = PBXFileReference; lastKnownFileType = text.plist.xml; path = Info.plist; sourceTree = "<group>"; };
		F783FA1A1A5F16FF00832A23 /* TicTaeToeTests.m */ = {isa = PBXFileReference; lastKnownFileType = sourcecode.c.objc; path = TicTaeToeTests.m; sourceTree = "<group>"; };
/* End PBXFileReference section */

/* Begin PBXFrameworksBuildPhase section */
		F783F9F81A5F16FF00832A23 /* Frameworks */ = {
			isa = PBXFrameworksBuildPhase;
			buildActionMask = 2147483647;
			files = (
			);
			runOnlyForDeploymentPostprocessing = 0;
		};
		F783FA111A5F16FF00832A23 /* Frameworks */ = {
			isa = PBXFrameworksBuildPhase;
			buildActionMask = 2147483647;
			files = (
			);
			runOnlyForDeploymentPostprocessing = 0;
		};
/* End PBXFrameworksBuildPhase section */

/* Begin PBXGroup section */
		F783F9F21A5F16FF00832A23 = {
			isa = PBXGroup;
			children = (
				F783F9FD1A5F16FF00832A23 /* TicTaeToe */,
				F783FA171A5F16FF00832A23 /* TicTaeToeTests */,
				F783F9FC1A5F16FF00832A23 /* Products */,
			);
			sourceTree = "<group>";
		};
		F783F9FC1A5F16FF00832A23 /* Products */ = {
			isa = PBXGroup;
			children = (
				F783F9FB1A5F16FF00832A23 /* TicTaeToe.app */,
				F783FA141A5F16FF00832A23 /* TicTaeToeTests.xctest */,
			);
			name = Products;
			sourceTree = "<group>";
		};
		F783F9FD1A5F16FF00832A23 /* TicTaeToe */ = {
			isa = PBXGroup;
			children = (
				F783FA021A5F16FF00832A23 /* AppDelegate.h */,
				F783FA031A5F16FF00832A23 /* AppDelegate.m */,
				C9A0F5EB1A62B05700FD04E2 /* WebViewController.h */,
				C9A0F5EC1A62B05700FD04E2 /* WebViewController.m */,
				F783FA051A5F16FF00832A23 /* RootViewController.h */,
				F783FA061A5F16FF00832A23 /* RootViewController.m */,
				F783FA081A5F16FF00832A23 /* Main.storyboard */,
				F783FA0B1A5F16FF00832A23 /* Images.xcassets */,
				F783FA0D1A5F16FF00832A23 /* LaunchScreen.xib */,
				F783F9FE1A5F16FF00832A23 /* Supporting Files */,
			);
			path = TicTaeToe;
			sourceTree = "<group>";
		};
		F783F9FE1A5F16FF00832A23 /* Supporting Files */ = {
			isa = PBXGroup;
			children = (
				C9A0F5E91A62AB7D00FD04E2 /* mobilemakers.jpg */,
				F783F9FF1A5F16FF00832A23 /* Info.plist */,
				F783FA001A5F16FF00832A23 /* main.m */,
			);
			name = "Supporting Files";
			sourceTree = "<group>";
		};
		F783FA171A5F16FF00832A23 /* TicTaeToeTests */ = {
			isa = PBXGroup;
			children = (
				F783FA1A1A5F16FF00832A23 /* TicTaeToeTests.m */,
				F783FA181A5F16FF00832A23 /* Supporting Files */,
			);
			path = TicTaeToeTests;
			sourceTree = "<group>";
		};
		F783FA181A5F16FF00832A23 /* Supporting Files */ = {
			isa = PBXGroup;
			children = (
				F783FA191A5F16FF00832A23 /* Info.plist */,
			);
			name = "Supporting Files";
			sourceTree = "<group>";
		};
/* End PBXGroup section */

/* Begin PBXNativeTarget section */
		F783F9FA1A5F16FF00832A23 /* TicTaeToe */ = {
			isa = PBXNativeTarget;
			buildConfigurationList = F783FA1E1A5F16FF00832A23 /* Build configuration list for PBXNativeTarget "TicTaeToe" */;
			buildPhases = (
				F783F9F71A5F16FF00832A23 /* Sources */,
				F783F9F81A5F16FF00832A23 /* Frameworks */,
				F783F9F91A5F16FF00832A23 /* Resources */,
			);
			buildRules = (
			);
			dependencies = (
			);
			name = TicTaeToe;
			productName = TicTaeToe;
			productReference = F783F9FB1A5F16FF00832A23 /* TicTaeToe.app */;
			productType = "com.apple.product-type.application";
		};
		F783FA131A5F16FF00832A23 /* TicTaeToeTests */ = {
			isa = PBXNativeTarget;
			buildConfigurationList = F783FA211A5F16FF00832A23 /* Build configuration list for PBXNativeTarget "TicTaeToeTests" */;
			buildPhases = (
				F783FA101A5F16FF00832A23 /* Sources */,
				F783FA111A5F16FF00832A23 /* Frameworks */,
				F783FA121A5F16FF00832A23 /* Resources */,
			);
			buildRules = (
			);
			dependencies = (
				F783FA161A5F16FF00832A23 /* PBXTargetDependency */,
			);
			name = TicTaeToeTests;
			productName = TicTaeToeTests;
			productReference = F783FA141A5F16FF00832A23 /* TicTaeToeTests.xctest */;
			productType = "com.apple.product-type.bundle.unit-test";
		};
/* End PBXNativeTarget section */

/* Begin PBXProject section */
		F783F9F31A5F16FF00832A23 /* Project object */ = {
			isa = PBXProject;
			attributes = {
				LastUpgradeCheck = 0610;
				ORGANIZATIONNAME = "Ryan  Gunn";
				TargetAttributes = {
					F783F9FA1A5F16FF00832A23 = {
						CreatedOnToolsVersion = 6.1.1;
					};
					F783FA131A5F16FF00832A23 = {
						CreatedOnToolsVersion = 6.1.1;
						TestTargetID = F783F9FA1A5F16FF00832A23;
					};
				};
			};
			buildConfigurationList = F783F9F61A5F16FF00832A23 /* Build configuration list for PBXProject "TicTaeToe" */;
			compatibilityVersion = "Xcode 3.2";
			developmentRegion = English;
			hasScannedForEncodings = 0;
			knownRegions = (
				en,
				Base,
			);
			mainGroup = F783F9F21A5F16FF00832A23;
			productRefGroup = F783F9FC1A5F16FF00832A23 /* Products */;
			projectDirPath = "";
			projectRoot = "";
			targets = (
				F783F9FA1A5F16FF00832A23 /* TicTaeToe */,
				F783FA131A5F16FF00832A23 /* TicTaeToeTests */,
			);
		};
/* End PBXProject section */

/* Begin PBXResourcesBuildPhase section */
		F783F9F91A5F16FF00832A23 /* Resources */ = {
			isa = PBXResourcesBuildPhase;
			buildActionMask = 2147483647;
			files = (
				F783FA0A1A5F16FF00832A23 /* Main.storyboard in Resources */,
				F783FA0F1A5F16FF00832A23 /* LaunchScreen.xib in Resources */,
				C9A0F5EA1A62AB7D00FD04E2 /* mobilemakers.jpg in Resources */,
				F783FA0C1A5F16FF00832A23 /* Images.xcassets in Resources */,
			);
			runOnlyForDeploymentPostprocessing = 0;
		};
		F783FA121A5F16FF00832A23 /* Resources */ = {
			isa = PBXResourcesBuildPhase;
			buildActionMask = 2147483647;
			files = (
			);
			runOnlyForDeploymentPostprocessing = 0;
		};
/* End PBXResourcesBuildPhase section */

/* Begin PBXSourcesBuildPhase section */
		F783F9F71A5F16FF00832A23 /* Sources */ = {
			isa = PBXSourcesBuildPhase;
			buildActionMask = 2147483647;
			files = (
				F783FA071A5F16FF00832A23 /* RootViewController.m in Sources */,
				F783FA041A5F16FF00832A23 /* AppDelegate.m in Sources */,
				F783FA011A5F16FF00832A23 /* main.m in Sources */,
				C9A0F5ED1A62B05700FD04E2 /* WebViewController.m in Sources */,
			);
			runOnlyForDeploymentPostprocessing = 0;
		};
		F783FA101A5F16FF00832A23 /* Sources */ = {
			isa = PBXSourcesBuildPhase;
			buildActionMask = 2147483647;
			files = (
				F783FA1B1A5F16FF00832A23 /* TicTaeToeTests.m in Sources */,
			);
			runOnlyForDeploymentPostprocessing = 0;
		};
/* End PBXSourcesBuildPhase section */

/* Begin PBXTargetDependency section */
		F783FA161A5F16FF00832A23 /* PBXTargetDependency */ = {
			isa = PBXTargetDependency;
			target = F783F9FA1A5F16FF00832A23 /* TicTaeToe */;
			targetProxy = F783FA151A5F16FF00832A23 /* PBXContainerItemProxy */;
		};
/* End PBXTargetDependency section */

/* Begin PBXVariantGroup section */
		F783FA081A5F16FF00832A23 /* Main.storyboard */ = {
			isa = PBXVariantGroup;
			children = (
				F783FA091A5F16FF00832A23 /* Base */,
			);
			name = Main.storyboard;
			sourceTree = "<group>";
		};
		F783FA0D1A5F16FF00832A23 /* LaunchScreen.xib */ = {
			isa = PBXVariantGroup;
			children = (
				F783FA0E1A5F16FF00832A23 /* Base */,
			);
			name = LaunchScreen.xib;
			sourceTree = "<group>";
		};
/* End PBXVariantGroup section */

/* Begin XCBuildConfiguration section */
		F783FA1C1A5F16FF00832A23 /* Debug */ = {
			isa = XCBuildConfiguration;
			buildSettings = {
				ALWAYS_SEARCH_USER_PATHS = NO;
				CLANG_CXX_LANGUAGE_STANDARD = "gnu++0x";
				CLANG_CXX_LIBRARY = "libc++";
				CLANG_ENABLE_MODULES = YES;
				CLANG_ENABLE_OBJC_ARC = YES;
				CLANG_WARN_BOOL_CONVERSION = YES;
				CLANG_WARN_CONSTANT_CONVERSION = YES;
				CLANG_WARN_DIRECT_OBJC_ISA_USAGE = YES_ERROR;
				CLANG_WARN_EMPTY_BODY = YES;
				CLANG_WARN_ENUM_CONVERSION = YES;
				CLANG_WARN_INT_CONVERSION = YES;
				CLANG_WARN_OBJC_ROOT_CLASS = YES_ERROR;
				CLANG_WARN_UNREACHABLE_CODE = YES;
				CLANG_WARN__DUPLICATE_METHOD_MATCH = YES;
				"CODE_SIGN_IDENTITY[sdk=iphoneos*]" = "iPhone Developer";
				COPY_PHASE_STRIP = NO;
				ENABLE_STRICT_OBJC_MSGSEND = YES;
				GCC_C_LANGUAGE_STANDARD = gnu99;
				GCC_DYNAMIC_NO_PIC = NO;
				GCC_OPTIMIZATION_LEVEL = 0;
				GCC_PREPROCESSOR_DEFINITIONS = (
					"DEBUG=1",
					"$(inherited)",
				);
				GCC_SYMBOLS_PRIVATE_EXTERN = NO;
				GCC_WARN_64_TO_32_BIT_CONVERSION = YES;
				GCC_WARN_ABOUT_RETURN_TYPE = YES_ERROR;
				GCC_WARN_UNDECLARED_SELECTOR = YES;
				GCC_WARN_UNINITIALIZED_AUTOS = YES_AGGRESSIVE;
				GCC_WARN_UNUSED_FUNCTION = YES;
				GCC_WARN_UNUSED_VARIABLE = YES;
				IPHONEOS_DEPLOYMENT_TARGET = 8.1;
				MTL_ENABLE_DEBUG_INFO = YES;
				ONLY_ACTIVE_ARCH = YES;
				SDKROOT = iphoneos;
			};
			name = Debug;
		};
		F783FA1D1A5F16FF00832A23 /* Release */ = {
			isa = XCBuildConfiguration;
			buildSettings = {
				ALWAYS_SEARCH_USER_PATHS = NO;
				CLANG_CXX_LANGUAGE_STANDARD = "gnu++0x";
				CLANG_CXX_LIBRARY = "libc++";
				CLANG_ENABLE_MODULES = YES;
				CLANG_ENABLE_OBJC_ARC = YES;
				CLANG_WARN_BOOL_CONVERSION = YES;
				CLANG_WARN_CONSTANT_CONVERSION = YES;
				CLANG_WARN_DIRECT_OBJC_ISA_USAGE = YES_ERROR;
				CLANG_WARN_EMPTY_BODY = YES;
				CLANG_WARN_ENUM_CONVERSION = YES;
				CLANG_WARN_INT_CONVERSION = YES;
				CLANG_WARN_OBJC_ROOT_CLASS = YES_ERROR;
				CLANG_WARN_UNREACHABLE_CODE = YES;
				CLANG_WARN__DUPLICATE_METHOD_MATCH = YES;
				"CODE_SIGN_IDENTITY[sdk=iphoneos*]" = "iPhone Developer";
				COPY_PHASE_STRIP = YES;
				ENABLE_NS_ASSERTIONS = NO;
				ENABLE_STRICT_OBJC_MSGSEND = YES;
				GCC_C_LANGUAGE_STANDARD = gnu99;
				GCC_WARN_64_TO_32_BIT_CONVERSION = YES;
				GCC_WARN_ABOUT_RETURN_TYPE = YES_ERROR;
				GCC_WARN_UNDECLARED_SELECTOR = YES;
				GCC_WARN_UNINITIALIZED_AUTOS = YES_AGGRESSIVE;
				GCC_WARN_UNUSED_FUNCTION = YES;
				GCC_WARN_UNUSED_VARIABLE = YES;
				IPHONEOS_DEPLOYMENT_TARGET = 8.1;
				MTL_ENABLE_DEBUG_INFO = NO;
				SDKROOT = iphoneos;
				VALIDATE_PRODUCT = YES;
			};
			name = Release;
		};
		F783FA1F1A5F16FF00832A23 /* Debug */ = {
			isa = XCBuildConfiguration;
			buildSettings = {
				ASSETCATALOG_COMPILER_APPICON_NAME = AppIcon;
				INFOPLIST_FILE = TicTaeToe/Info.plist;
				LD_RUNPATH_SEARCH_PATHS = "$(inherited) @executable_path/Frameworks";
				PRODUCT_NAME = "$(TARGET_NAME)";
				TARGETED_DEVICE_FAMILY = 1;
			};
			name = Debug;
		};
		F783FA201A5F16FF00832A23 /* Release */ = {
			isa = XCBuildConfiguration;
			buildSettings = {
				ASSETCATALOG_COMPILER_APPICON_NAME = AppIcon;
				INFOPLIST_FILE = TicTaeToe/Info.plist;
				LD_RUNPATH_SEARCH_PATHS = "$(inherited) @executable_path/Frameworks";
				PRODUCT_NAME = "$(TARGET_NAME)";
				TARGETED_DEVICE_FAMILY = 1;
			};
			name = Release;
		};
		F783FA221A5F16FF00832A23 /* Debug */ = {
			isa = XCBuildConfiguration;
			buildSettings = {
				BUNDLE_LOADER = "$(TEST_HOST)";
				FRAMEWORK_SEARCH_PATHS = (
					"$(SDKROOT)/Developer/Library/Frameworks",
					"$(inherited)",
				);
				GCC_PREPROCESSOR_DEFINITIONS = (
					"DEBUG=1",
					"$(inherited)",
				);
				INFOPLIST_FILE = TicTaeToeTests/Info.plist;
				LD_RUNPATH_SEARCH_PATHS = "$(inherited) @executable_path/Frameworks @loader_path/Frameworks";
				PRODUCT_NAME = "$(TARGET_NAME)";
				TEST_HOST = "$(BUILT_PRODUCTS_DIR)/TicTaeToe.app/TicTaeToe";
			};
			name = Debug;
		};
		F783FA231A5F16FF00832A23 /* Release */ = {
			isa = XCBuildConfiguration;
			buildSettings = {
				BUNDLE_LOADER = "$(TEST_HOST)";
				FRAMEWORK_SEARCH_PATHS = (
					"$(SDKROOT)/Developer/Library/Frameworks",
					"$(inherited)",
				);
				INFOPLIST_FILE = TicTaeToeTests/Info.plist;
				LD_RUNPATH_SEARCH_PATHS = "$(inherited) @executable_path/Frameworks @loader_path/Frameworks";
				PRODUCT_NAME = "$(TARGET_NAME)";
				TEST_HOST = "$(BUILT_PRODUCTS_DIR)/TicTaeToe.app/TicTaeToe";
			};
			name = Release;
		};
/* End XCBuildConfiguration section */

/* Begin XCConfigurationList section */
		F783F9F61A5F16FF00832A23 /* Build configuration list for PBXProject "TicTaeToe" */ = {
			isa = XCConfigurationList;
			buildConfigurations = (
				F783FA1C1A5F16FF00832A23 /* Debug */,
				F783FA1D1A5F16FF00832A23 /* Release */,
			);
			defaultConfigurationIsVisible = 0;
			defaultConfigurationName = Release;
		};
		F783FA1E1A5F16FF00832A23 /* Build configuration list for PBXNativeTarget "TicTaeToe" */ = {
			isa = XCConfigurationList;
			buildConfigurations = (
				F783FA1F1A5F16FF00832A23 /* Debug */,
				F783FA201A5F16FF00832A23 /* Release */,
			);
			defaultConfigurationIsVisible = 0;
			defaultConfigurationName = Release;
		};
		F783FA211A5F16FF00832A23 /* Build configuration list for PBXNativeTarget "TicTaeToeTests" */ = {
			isa = XCConfigurationList;
			buildConfigurations = (
				F783FA221A5F16FF00832A23 /* Debug */,
				F783FA231A5F16FF00832A23 /* Release */,
			);
			defaultConfigurationIsVisible = 0;
			defaultConfigurationName = Release;
		};
/* End XCConfigurationList section */
	};
	rootObject = F783F9F31A5F16FF00832A23 /* Project object */;
}
